
Microsoft Visual Studio Solution File, Format Version 12.00
# Visual Studio Version 17
VisualStudioVersion = 17.9.34728.123
MinimumVisualStudioVersion = 10.0.40219.1
Project("{FAE04EC0-301F-11D3-BF4B-00C04F79EFBC}") = "7D2DKoreanChatting", "7D2DKoreanChatting\7D2DKoreanChatting.csproj", "{B9BCE40D-3E3B-4DBC-8667-70ACEBAF7C79}"
EndProject
Global
	GlobalSection(SolutionConfigurationPlatforms) = preSolution
		Debug|Any CPU = Debug|Any CPU
		Release|Any CPU = Release|Any CPU
	EndGlobalSection
	GlobalSection(ProjectConfigurationPlatforms) = postSolution
		{B9BCE40D-3E3B-4DBC-8667-70ACEBAF7C79}.Debug|Any CPU.ActiveCfg = Debug|Any CPU
		{B9BCE40D-3E3B-4DBC-8667-70ACEBAF7C79}.Debug|Any CPU.Build.0 = Debug|Any CPU
		{B9BCE40D-3E3B-4DBC-8667-70ACEBAF7C79}.Release|Any CPU.ActiveCfg = Release|Any CPU
		{B9BCE40D-3E3B-4DBC-8667-70ACEBAF7C79}.Release|Any CPU.Build.0 = Release|Any CPU
	EndGlobalSection
	GlobalSection(SolutionProperties) = preSolution
		HideSolutionNode = FALSE
	EndGlobalSection
	GlobalSection(ExtensibilityGlobals) = postSolution
		SolutionGuid = {D70B5A9B-3F60-4FFD-8F98-99F0F5FC6965}
	EndGlobalSection
EndGlobal
